{
    "name": "ts-test",
    "version": "1.0.0",
    "lockfileVersion": 3,
    "requires": true,
    "packages": {
        "": {
            "name": "ts-test",
            "version": "1.0.0",
            "devDependencies": {
                "@types/json2csv": "^5.0.3",
                "@types/node": "^20.1.7",
                "json2csv": "^5.0.0",
                "typescript": "^4.4.4"
            }
        },
        "node_modules/@types/json2csv": {
            "version": "5.0.3",
            "resolved": "https://registry.npmjs.org/@types/json2csv/-/json2csv-5.0.3.tgz",
            "integrity": "sha512-ZJEv6SzhPhgpBpxZU4n/TZekbZqI4EcyXXRwms1lAITG2kIAtj85PfNYafUOY1zy8bWs5ujaub0GU4copaA0sw==",
            "dev": true,
            "dependencies": {
                "@types/node": "*"
            }
        },
        "node_modules/@types/node": {
            "version": "20.1.7",
            "resolved": "https://registry.npmjs.org/@types/node/-/node-20.1.7.tgz",
            "integrity": "sha512-WCuw/o4GSwDGMoonES8rcvwsig77dGCMbZDrZr2x4ZZiNW4P/gcoZXe/0twgtobcTkmg9TuKflxYL/DuwDyJzg==",
            "dev": true
        },
        "node_modules/commander": {
            "version": "6.2.1",
            "resolved": "https://registry.npmjs.org/commander/-/commander-6.2.1.tgz",
            "integrity": "sha512-U7VdrJFnJgo4xjrHpTzu0yrHPGImdsmD95ZlgYSEajAn2JKzDhDTPG9kBTefmObL2w/ngeZnilk+OV9CG3d7UA==",
            "dev": true,
            "engines": {
                "node": ">= 6"
            }
        },
        "node_modules/json2csv": {
            "version": "5.0.7",
            "resolved": "https://registry.npmjs.org/json2csv/-/json2csv-5.0.7.tgz",
            "integrity": "sha512-YRZbUnyaJZLZUJSRi2G/MqahCyRv9n/ds+4oIetjDF3jWQA7AG7iSeKTiZiCNqtMZM7HDyt0e/W6lEnoGEmMGA==",
            "deprecated": "Package no longer supported. Contact Support at https://www.npmjs.com/support for more info.",
            "dev": true,
            "dependencies": {
                "commander": "^6.1.0",
                "jsonparse": "^1.3.1",
                "lodash.get": "^4.4.2"
            },
            "bin": {
                "json2csv": "bin/json2csv.js"
            },
            "engines": {
                "node": ">= 10",
                "npm": ">= 6.13.0"
            }
        },
        "node_modules/jsonparse": {
            "version": "1.3.1",
            "resolved": "https://registry.npmjs.org/jsonparse/-/jsonparse-1.3.1.tgz",
            "integrity": "sha512-POQXvpdL69+CluYsillJ7SUhKvytYjW9vG/GKpnf+xP8UWgYEM/RaMzHHofbALDiKbbP1W8UEYmgGl39WkPZsg==",
            "dev": true,
            "engines": [
                "node >= 0.2.0"
            ]
        },
        "node_modules/lodash.get": {
            "version": "4.4.2",
            "resolved": "https://registry.npmjs.org/lodash.get/-/lodash.get-4.4.2.tgz",
            "integrity": "sha512-z+Uw/vLuy6gQe8cfaFWD7p0wVv8fJl3mbzXh33RS+0oW2wvUqiRXiQ69gLWSLpgB5/6sU+r6BlQR0MBILadqTQ==",
            "dev": true
        },
        "node_modules/typescript": {
            "version": "4.9.5",
            "resolved": "https://registry.npmjs.org/typescript/-/typescript-4.9.5.tgz",
            "integrity": "sha512-1FXk9E2Hm+QzZQ7z+McJiHL4NW1F2EzMu9Nq9i3zAaGqibafqYwCVU6WyWAuyQRRzOlxou8xZSyXLEN8oKj24g==",
            "dev": true,
            "bin": {
                "tsc": "bin/tsc",
                "tsserver": "bin/tsserver"
            },
            "engines": {
                "node": ">=4.2.0"
            }
        }
    }
}
